
Microsoft Visual Studio Solution File, Format Version 12.00
# Visual Studio Version 17
VisualStudioVersion = 17.11.35312.102
MinimumVisualStudioVersion = 10.0.40219.1
Project("{FAE04EC0-301F-11D3-BF4B-00C04F79EFBC}") = "практическая 6", "практическая 6\практическая 6.csproj", "{6BFD1648-5B11-4BD3-85E2-A75EE3DBA1B9}"
EndProject
Global
	GlobalSection(SolutionConfigurationPlatforms) = preSolution
		Debug|Any CPU = Debug|Any CPU
		Release|Any CPU = Release|Any CPU
	EndGlobalSection
	GlobalSection(ProjectConfigurationPlatforms) = postSolution
		{6BFD1648-5B11-4BD3-85E2-A75EE3DBA1B9}.Debug|Any CPU.ActiveCfg = Debug|Any CPU
		{6BFD1648-5B11-4BD3-85E2-A75EE3DBA1B9}.Debug|Any CPU.Build.0 = Debug|Any CPU
		{6BFD1648-5B11-4BD3-85E2-A75EE3DBA1B9}.Release|Any CPU.ActiveCfg = Release|Any CPU
		{6BFD1648-5B11-4BD3-85E2-A75EE3DBA1B9}.Release|Any CPU.Build.0 = Release|Any CPU
	EndGlobalSection
	GlobalSection(SolutionProperties) = preSolution
		HideSolutionNode = FALSE
	EndGlobalSection
	GlobalSection(ExtensibilityGlobals) = postSolution
		SolutionGuid = {8F43ACE2-D5AC-4D9C-B4F1-0EB7CD7EE21D}
	EndGlobalSection
EndGlobal
