
Microsoft Visual Studio Solution File, Format Version 12.00
# Visual Studio Version 17
VisualStudioVersion = 17.11.35312.102
MinimumVisualStudioVersion = 10.0.40219.1
Project("{FAE04EC0-301F-11D3-BF4B-00C04F79EFBC}") = "Практическая работа №17", "Практическая работа №17\Практическая работа №17.csproj", "{E46E67C4-2312-44EF-8180-4F2F5BC1BD75}"
EndProject
Global
	GlobalSection(SolutionConfigurationPlatforms) = preSolution
		Debug|Any CPU = Debug|Any CPU
		Release|Any CPU = Release|Any CPU
	EndGlobalSection
	GlobalSection(ProjectConfigurationPlatforms) = postSolution
		{E46E67C4-2312-44EF-8180-4F2F5BC1BD75}.Debug|Any CPU.ActiveCfg = Debug|Any CPU
		{E46E67C4-2312-44EF-8180-4F2F5BC1BD75}.Debug|Any CPU.Build.0 = Debug|Any CPU
		{E46E67C4-2312-44EF-8180-4F2F5BC1BD75}.Release|Any CPU.ActiveCfg = Release|Any CPU
		{E46E67C4-2312-44EF-8180-4F2F5BC1BD75}.Release|Any CPU.Build.0 = Release|Any CPU
	EndGlobalSection
	GlobalSection(SolutionProperties) = preSolution
		HideSolutionNode = FALSE
	EndGlobalSection
	GlobalSection(ExtensibilityGlobals) = postSolution
		SolutionGuid = {32634328-D436-4145-B221-EC757393ACE6}
	EndGlobalSection
EndGlobal
